
Microsoft Visual Studio Solution File, Format Version 12.00
# Visual Studio Version 16
VisualStudioVersion = 16.0.30509.190
MinimumVisualStudioVersion = 10.0.40219.1
Project("{9A19103F-16F7-4668-BE54-9A1E7A4F7556}") = "triggan.Server", "triggan\Server\triggan.Server.csproj", "{F1BAF009-B330-4933-AE1F-35D45D03B1CC}"
EndProject
Project("{9A19103F-16F7-4668-BE54-9A1E7A4F7556}") = "triggan.Client", "triggan\Client\triggan.Client.csproj", "{EB0C375D-D322-41EE-8577-F700ECF6F927}"
EndProject
Project("{9A19103F-16F7-4668-BE54-9A1E7A4F7556}") = "triggan.Shared", "triggan\Shared\triggan.Shared.csproj", "{29CB1F33-B392-4ECA-B3B4-EFAC2D71FEC2}"
EndProject
Global
	GlobalSection(SolutionConfigurationPlatforms) = preSolution
		Debug|Any CPU = Debug|Any CPU
		Release|Any CPU = Release|Any CPU
	EndGlobalSection
	GlobalSection(ProjectConfigurationPlatforms) = postSolution
		{F1BAF009-B330-4933-AE1F-35D45D03B1CC}.Debug|Any CPU.ActiveCfg = Debug|Any CPU
		{F1BAF009-B330-4933-AE1F-35D45D03B1CC}.Debug|Any CPU.Build.0 = Debug|Any CPU
		{F1BAF009-B330-4933-AE1F-35D45D03B1CC}.Release|Any CPU.ActiveCfg = Release|Any CPU
		{F1BAF009-B330-4933-AE1F-35D45D03B1CC}.Release|Any CPU.Build.0 = Release|Any CPU
		{EB0C375D-D322-41EE-8577-F700ECF6F927}.Debug|Any CPU.ActiveCfg = Debug|Any CPU
		{EB0C375D-D322-41EE-8577-F700ECF6F927}.Debug|Any CPU.Build.0 = Debug|Any CPU
		{EB0C375D-D322-41EE-8577-F700ECF6F927}.Release|Any CPU.ActiveCfg = Release|Any CPU
		{EB0C375D-D322-41EE-8577-F700ECF6F927}.Release|Any CPU.Build.0 = Release|Any CPU
		{29CB1F33-B392-4ECA-B3B4-EFAC2D71FEC2}.Debug|Any CPU.ActiveCfg = Debug|Any CPU
		{29CB1F33-B392-4ECA-B3B4-EFAC2D71FEC2}.Debug|Any CPU.Build.0 = Debug|Any CPU
		{29CB1F33-B392-4ECA-B3B4-EFAC2D71FEC2}.Release|Any CPU.ActiveCfg = Release|Any CPU
		{29CB1F33-B392-4ECA-B3B4-EFAC2D71FEC2}.Release|Any CPU.Build.0 = Release|Any CPU
	EndGlobalSection
	GlobalSection(SolutionProperties) = preSolution
		HideSolutionNode = FALSE
	EndGlobalSection
	GlobalSection(ExtensibilityGlobals) = postSolution
		SolutionGuid = {40D6C318-F229-4B20-845B-01F794D74B58}
	EndGlobalSection
EndGlobal
