
Microsoft Visual Studio Solution File, Format Version 12.00
# Visual Studio Version 16
VisualStudioVersion = 16.0.30428.66
MinimumVisualStudioVersion = 10.0.40219.1
Project("{FAE04EC0-301F-11D3-BF4B-00C04F79EFBC}") = "triggan.Server", "triggan\Server\triggan.Server.csproj", "{9430840B-71E0-48EE-9DEF-4C994EAA4A21}"
EndProject
Project("{FAE04EC0-301F-11D3-BF4B-00C04F79EFBC}") = "triggan.Client", "triggan\Client\triggan.Client.csproj", "{0C89D1AA-2B37-4C63-99AB-7CF634A5599D}"
EndProject
Project("{FAE04EC0-301F-11D3-BF4B-00C04F79EFBC}") = "triggan.Shared", "triggan\Shared\triggan.Shared.csproj", "{2E65BFCB-10E6-43E7-BABB-B03B6752CB8B}"
EndProject
Global
	GlobalSection(SolutionConfigurationPlatforms) = preSolution
		Debug|Any CPU = Debug|Any CPU
		Release|Any CPU = Release|Any CPU
	EndGlobalSection
	GlobalSection(ProjectConfigurationPlatforms) = postSolution
		{9430840B-71E0-48EE-9DEF-4C994EAA4A21}.Debug|Any CPU.ActiveCfg = Debug|Any CPU
		{9430840B-71E0-48EE-9DEF-4C994EAA4A21}.Debug|Any CPU.Build.0 = Debug|Any CPU
		{9430840B-71E0-48EE-9DEF-4C994EAA4A21}.Release|Any CPU.ActiveCfg = Release|Any CPU
		{9430840B-71E0-48EE-9DEF-4C994EAA4A21}.Release|Any CPU.Build.0 = Release|Any CPU
		{0C89D1AA-2B37-4C63-99AB-7CF634A5599D}.Debug|Any CPU.ActiveCfg = Debug|Any CPU
		{0C89D1AA-2B37-4C63-99AB-7CF634A5599D}.Debug|Any CPU.Build.0 = Debug|Any CPU
		{0C89D1AA-2B37-4C63-99AB-7CF634A5599D}.Release|Any CPU.ActiveCfg = Release|Any CPU
		{0C89D1AA-2B37-4C63-99AB-7CF634A5599D}.Release|Any CPU.Build.0 = Release|Any CPU
		{2E65BFCB-10E6-43E7-BABB-B03B6752CB8B}.Debug|Any CPU.ActiveCfg = Debug|Any CPU
		{2E65BFCB-10E6-43E7-BABB-B03B6752CB8B}.Debug|Any CPU.Build.0 = Debug|Any CPU
		{2E65BFCB-10E6-43E7-BABB-B03B6752CB8B}.Release|Any CPU.ActiveCfg = Release|Any CPU
		{2E65BFCB-10E6-43E7-BABB-B03B6752CB8B}.Release|Any CPU.Build.0 = Release|Any CPU
	EndGlobalSection
	GlobalSection(SolutionProperties) = preSolution
		HideSolutionNode = FALSE
	EndGlobalSection
	GlobalSection(ExtensibilityGlobals) = postSolution
		SolutionGuid = {6F499089-90AB-4EA3-B7CC-E91EC1FE2D8E}
	EndGlobalSection
EndGlobal
